
Microsoft Visual Studio Solution File, Format Version 12.00
# Visual Studio Version 17
VisualStudioVersion = 17.0.31903.59
MinimumVisualStudioVersion = 10.0.40219.1
Project("{9A19103F-16F7-4668-BE54-9A1E7A4F7556}") = "TarefasAtak.Core", "TarefasAtak.Core\TarefasAtak.Core.csproj", "{426139E8-8F46-4261-922B-FEB875AB499D}"
EndProject
Project("{9A19103F-16F7-4668-BE54-9A1E7A4F7556}") = "TarefasAtak.Test", "TarefasAtak.Test\TarefasAtak.Test.csproj", "{840D0648-7CD0-4E3E-AF5C-825CD76D3503}"
EndProject
Project("{FAE04EC0-301F-11D3-BF4B-00C04F79EFBC}") = "TarefasAtak.Infra", "TarefasAtak.Infra\TarefasAtak.Infra.csproj", "{A247A658-C1E6-44DD-90E5-0768E0379348}"
EndProject
Global
	GlobalSection(SolutionConfigurationPlatforms) = preSolution
		Debug|Any CPU = Debug|Any CPU
		Release|Any CPU = Release|Any CPU
	EndGlobalSection
	GlobalSection(ProjectConfigurationPlatforms) = postSolution
		{426139E8-8F46-4261-922B-FEB875AB499D}.Debug|Any CPU.ActiveCfg = Debug|Any CPU
		{426139E8-8F46-4261-922B-FEB875AB499D}.Debug|Any CPU.Build.0 = Debug|Any CPU
		{426139E8-8F46-4261-922B-FEB875AB499D}.Release|Any CPU.ActiveCfg = Release|Any CPU
		{426139E8-8F46-4261-922B-FEB875AB499D}.Release|Any CPU.Build.0 = Release|Any CPU
		{840D0648-7CD0-4E3E-AF5C-825CD76D3503}.Debug|Any CPU.ActiveCfg = Debug|Any CPU
		{840D0648-7CD0-4E3E-AF5C-825CD76D3503}.Debug|Any CPU.Build.0 = Debug|Any CPU
		{840D0648-7CD0-4E3E-AF5C-825CD76D3503}.Release|Any CPU.ActiveCfg = Release|Any CPU
		{840D0648-7CD0-4E3E-AF5C-825CD76D3503}.Release|Any CPU.Build.0 = Release|Any CPU
		{A247A658-C1E6-44DD-90E5-0768E0379348}.Debug|Any CPU.ActiveCfg = Debug|Any CPU
		{A247A658-C1E6-44DD-90E5-0768E0379348}.Debug|Any CPU.Build.0 = Debug|Any CPU
		{A247A658-C1E6-44DD-90E5-0768E0379348}.Release|Any CPU.ActiveCfg = Release|Any CPU
		{A247A658-C1E6-44DD-90E5-0768E0379348}.Release|Any CPU.Build.0 = Release|Any CPU
	EndGlobalSection
	GlobalSection(SolutionProperties) = preSolution
		HideSolutionNode = FALSE
	EndGlobalSection
	GlobalSection(ExtensibilityGlobals) = postSolution
		SolutionGuid = {A090D4F1-6AEB-4E7F-9FB7-C8E407050371}
	EndGlobalSection
EndGlobal
